// !$*UTF8*$!
{
	archiveVersion = 1;
	classes = {
	};
	objectVersion = 50;
	objects = {

/* Begin PBXBuildFile section */
		14A147BF224A8143009FD718 /* AppDelegate.m in Sources */ = {isa = PBXBuildFile; fileRef = 14A147BE224A8143009FD718 /* AppDelegate.m */; };
		14A147C2224A8143009FD718 /* ViewController.m in Sources */ = {isa = PBXBuildFile; fileRef = 14A147C1224A8143009FD718 /* ViewController.m */; };
		14A147C7224A8144009FD718 /* Assets.xcassets in Resources */ = {isa = PBXBuildFile; fileRef = 14A147C6224A8144009FD718 /* Assets.xcassets */; };
		14A147CA224A8144009FD718 /* LaunchScreen.storyboard in Resources */ = {isa = PBXBuildFile; fileRef = 14A147C8224A8144009FD718 /* LaunchScreen.storyboard */; };
		14A147CD224A8144009FD718 /* main.m in Sources */ = {isa = PBXBuildFile; fileRef = 14A147CC224A8144009FD718 /* main.m */; };
		14A147D6224A8519009FD718 /* SCNotification.m in Sources */ = {isa = PBXBuildFile; fileRef = 14A147D5224A8519009FD718 /* SCNotification.m */; };
		14A147D9224A8563009FD718 /* AViewController.m in Sources */ = {isa = PBXBuildFile; fileRef = 14A147D7224A8563009FD718 /* AViewController.m */; };
		14A147DB224A857C009FD718 /* Main.storyboard in Resources */ = {isa = PBXBuildFile; fileRef = 14A147DA224A857C009FD718 /* Main.storyboard */; };
/* End PBXBuildFile section */

/* Begin PBXFileReference section */
		14A147BA224A8143009FD718 /* SCNotification.app */ = {isa = PBXFileReference; explicitFileType = wrapper.application; includeInIndex = 0; path = SCNotification.app; sourceTree = BUILT_PRODUCTS_DIR; };
		14A147BD224A8143009FD718 /* AppDelegate.h */ = {isa = PBXFileReference; lastKnownFileType = sourcecode.c.h; path = AppDelegate.h; sourceTree = "<group>"; };
		14A147BE224A8143009FD718 /* AppDelegate.m */ = {isa = PBXFileReference; lastKnownFileType = sourcecode.c.objc; path = AppDelegate.m; sourceTree = "<group>"; };
		14A147C0224A8143009FD718 /* ViewController.h */ = {isa = PBXFileReference; lastKnownFileType = sourcecode.c.h; path = ViewController.h; sourceTree = "<group>"; };
		14A147C1224A8143009FD718 /* ViewController.m */ = {isa = PBXFileReference; lastKnownFileType = sourcecode.c.objc; path = ViewController.m; sourceTree = "<group>"; };
		14A147C6224A8144009FD718 /* Assets.xcassets */ = {isa = PBXFileReference; lastKnownFileType = folder.assetcatalog; path = Assets.xcassets; sourceTree = "<group>"; };
		14A147C9224A8144009FD718 /* Base */ = {isa = PBXFileReference; lastKnownFileType = file.storyboard; name = Base; path = Base.lproj/LaunchScreen.storyboard; sourceTree = "<group>"; };
		14A147CB224A8144009FD718 /* Info.plist */ = {isa = PBXFileReference; lastKnownFileType = text.plist.xml; path = Info.plist; sourceTree = "<group>"; };
		14A147CC224A8144009FD718 /* main.m */ = {isa = PBXFileReference; lastKnownFileType = sourcecode.c.objc; path = main.m; sourceTree = "<group>"; };
		14A147D4224A8519009FD718 /* SCNotification.h */ = {isa = PBXFileReference; fileEncoding = 4; lastKnownFileType = sourcecode.c.h; path = SCNotification.h; sourceTree = "<group>"; };
		14A147D5224A8519009FD718 /* SCNotification.m */ = {isa = PBXFileReference; fileEncoding = 4; lastKnownFileType = sourcecode.c.objc; path = SCNotification.m; sourceTree = "<group>"; };
		14A147D7224A8563009FD718 /* AViewController.m */ = {isa = PBXFileReference; fileEncoding = 4; lastKnownFileType = sourcecode.c.objc; path = AViewController.m; sourceTree = "<group>"; };
		14A147D8224A8563009FD718 /* AViewController.h */ = {isa = PBXFileReference; fileEncoding = 4; lastKnownFileType = sourcecode.c.h; path = AViewController.h; sourceTree = "<group>"; };
		14A147DA224A857C009FD718 /* Main.storyboard */ = {isa = PBXFileReference; fileEncoding = 4; lastKnownFileType = file.storyboard; path = Main.storyboard; sourceTree = "<group>"; };
/* End PBXFileReference section */

/* Begin PBXFrameworksBuildPhase section */
		14A147B7224A8143009FD718 /* Frameworks */ = {
			isa = PBXFrameworksBuildPhase;
			buildActionMask = 2147483647;
			files = (
			);
			runOnlyForDeploymentPostprocessing = 0;
		};
/* End PBXFrameworksBuildPhase section */

/* Begin PBXGroup section */
		14A147B1224A8143009FD718 = {
			isa = PBXGroup;
			children = (
				14A147BC224A8143009FD718 /* SCNotification */,
				14A147BB224A8143009FD718 /* Products */,
			);
			sourceTree = "<group>";
		};
		14A147BB224A8143009FD718 /* Products */ = {
			isa = PBXGroup;
			children = (
				14A147BA224A8143009FD718 /* SCNotification.app */,
			);
			name = Products;
			sourceTree = "<group>";
		};
		14A147BC224A8143009FD718 /* SCNotification */ = {
			isa = PBXGroup;
			children = (
				14A147D3224A8519009FD718 /* SCNotification */,
				14A147BD224A8143009FD718 /* AppDelegate.h */,
				14A147BE224A8143009FD718 /* AppDelegate.m */,
				14A147C0224A8143009FD718 /* ViewController.h */,
				14A147C1224A8143009FD718 /* ViewController.m */,
				14A147D8224A8563009FD718 /* AViewController.h */,
				14A147D7224A8563009FD718 /* AViewController.m */,
				14A147DA224A857C009FD718 /* Main.storyboard */,
				14A147C6224A8144009FD718 /* Assets.xcassets */,
				14A147C8224A8144009FD718 /* LaunchScreen.storyboard */,
				14A147CB224A8144009FD718 /* Info.plist */,
				14A147CC224A8144009FD718 /* main.m */,
			);
			path = SCNotification;
			sourceTree = "<group>";
		};
		14A147D3224A8519009FD718 /* SCNotification */ = {
			isa = PBXGroup;
			children = (
				14A147D4224A8519009FD718 /* SCNotification.h */,
				14A147D5224A8519009FD718 /* SCNotification.m */,
			);
			path = SCNotification;
			sourceTree = "<group>";
		};
/* End PBXGroup section */

/* Begin PBXNativeTarget section */
		14A147B9224A8143009FD718 /* SCNotification */ = {
			isa = PBXNativeTarget;
			buildConfigurationList = 14A147D0224A8144009FD718 /* Build configuration list for PBXNativeTarget "SCNotification" */;
			buildPhases = (
				14A147B6224A8143009FD718 /* Sources */,
				14A147B7224A8143009FD718 /* Frameworks */,
				14A147B8224A8143009FD718 /* Resources */,
			);
			buildRules = (
			);
			dependencies = (
			);
			name = SCNotification;
			productName = SCNotification;
			productReference = 14A147BA224A8143009FD718 /* SCNotification.app */;
			productType = "com.apple.product-type.application";
		};
/* End PBXNativeTarget section */

/* Begin PBXProject section */
		14A147B2224A8143009FD718 /* Project object */ = {
			isa = PBXProject;
			attributes = {
				LastUpgradeCheck = 1010;
				ORGANIZATIONNAME = SeacenLiu;
				TargetAttributes = {
					14A147B9224A8143009FD718 = {
						CreatedOnToolsVersion = 10.1;
					};
				};
			};
			buildConfigurationList = 14A147B5224A8143009FD718 /* Build configuration list for PBXProject "SCNotification" */;
			compatibilityVersion = "Xcode 9.3";
			developmentRegion = en;
			hasScannedForEncodings = 0;
			knownRegions = (
				en,
				Base,
			);
			mainGroup = 14A147B1224A8143009FD718;
			productRefGroup = 14A147BB224A8143009FD718 /* Products */;
			projectDirPath = "";
			projectRoot = "";
			targets = (
				14A147B9224A8143009FD718 /* SCNotification */,
			);
		};
/* End PBXProject section */

/* Begin PBXResourcesBuildPhase section */
		14A147B8224A8143009FD718 /* Resources */ = {
			isa = PBXResourcesBuildPhase;
			buildActionMask = 2147483647;
			files = (
				14A147DB224A857C009FD718 /* Main.storyboard in Resources */,
				14A147CA224A8144009FD718 /* LaunchScreen.storyboard in Resources */,
				14A147C7224A8144009FD718 /* Assets.xcassets in Resources */,
			);
			runOnlyForDeploymentPostprocessing = 0;
		};
/* End PBXResourcesBuildPhase section */

/* Begin PBXSourcesBuildPhase section */
		14A147B6224A8143009FD718 /* Sources */ = {
			isa = PBXSourcesBuildPhase;
			buildActionMask = 2147483647;
			files = (
				14A147D6224A8519009FD718 /* SCNotification.m in Sources */,
				14A147D9224A8563009FD718 /* AViewController.m in Sources */,
				14A147C2224A8143009FD718 /* ViewController.m in Sources */,
				14A147CD224A8144009FD718 /* main.m in Sources */,
				14A147BF224A8143009FD718 /* AppDelegate.m in Sources */,
			);
			runOnlyForDeploymentPostprocessing = 0;
		};
/* End PBXSourcesBuildPhase section */

/* Begin PBXVariantGroup section */
		14A147C8224A8144009FD718 /* LaunchScreen.storyboard */ = {
			isa = PBXVariantGroup;
			children = (
				14A147C9224A8144009FD718 /* Base */,
			);
			name = LaunchScreen.storyboard;
			sourceTree = "<group>";
		};
/* End PBXVariantGroup section */

/* Begin XCBuildConfiguration section */
		14A147CE224A8144009FD718 /* Debug */ = {
			isa = XCBuildConfiguration;
			buildSettings = {
				ALWAYS_SEARCH_USER_PATHS = NO;
				CLANG_ANALYZER_NONNULL = YES;
				CLANG_ANALYZER_NUMBER_OBJECT_CONVERSION = YES_AGGRESSIVE;
				CLANG_CXX_LANGUAGE_STANDARD = "gnu++14";
				CLANG_CXX_LIBRARY = "libc++";
				CLANG_ENABLE_MODULES = YES;
				CLANG_ENABLE_OBJC_ARC = YES;
				CLANG_ENABLE_OBJC_WEAK = YES;
				CLANG_WARN_BLOCK_CAPTURE_AUTORELEASING = YES;
				CLANG_WARN_BOOL_CONVERSION = YES;
				CLANG_WARN_COMMA = YES;
				CLANG_WARN_CONSTANT_CONVERSION = YES;
				CLANG_WARN_DEPRECATED_OBJC_IMPLEMENTATIONS = YES;
				CLANG_WARN_DIRECT_OBJC_ISA_USAGE = YES_ERROR;
				CLANG_WARN_DOCUMENTATION_COMMENTS = YES;
				CLANG_WARN_EMPTY_BODY = YES;
				CLANG_WARN_ENUM_CONVERSION = YES;
				CLANG_WARN_INFINITE_RECURSION = YES;
				CLANG_WARN_INT_CONVERSION = YES;
				CLANG_WARN_NON_LITERAL_NULL_CONVERSION = YES;
				CLANG_WARN_OBJC_IMPLICIT_RETAIN_SELF = YES;
				CLANG_WARN_OBJC_LITERAL_CONVERSION = YES;
				CLANG_WARN_OBJC_ROOT_CLASS = YES_ERROR;
				CLANG_WARN_RANGE_LOOP_ANALYSIS = YES;
				CLANG_WARN_STRICT_PROTOTYPES = YES;
				CLANG_WARN_SUSPICIOUS_MOVE = YES;
				CLANG_WARN_UNGUARDED_AVAILABILITY = YES_AGGRESSIVE;
				CLANG_WARN_UNREACHABLE_CODE = YES;
				CLANG_WARN__DUPLICATE_METHOD_MATCH = YES;
				CODE_SIGN_IDENTITY = "iPhone Developer";
				COPY_PHASE_STRIP = NO;
				DEBUG_INFORMATION_FORMAT = dwarf;
				ENABLE_STRICT_OBJC_MSGSEND = YES;
				ENABLE_TESTABILITY = YES;
				GCC_C_LANGUAGE_STANDARD = gnu11;
				GCC_DYNAMIC_NO_PIC = NO;
				GCC_NO_COMMON_BLOCKS = YES;
				GCC_OPTIMIZATION_LEVEL = 0;
				GCC_PREPROCESSOR_DEFINITIONS = (
					"DEBUG=1",
					"$(inherited)",
				);
				GCC_WARN_64_TO_32_BIT_CONVERSION = YES;
				GCC_WARN_ABOUT_RETURN_TYPE = YES_ERROR;
				GCC_WARN_UNDECLARED_SELECTOR = YES;
				GCC_WARN_UNINITIALIZED_AUTOS = YES_AGGRESSIVE;
				GCC_WARN_UNUSED_FUNCTION = YES;
				GCC_WARN_UNUSED_VARIABLE = YES;
				IPHONEOS_DEPLOYMENT_TARGET = 12.1;
				MTL_ENABLE_DEBUG_INFO = INCLUDE_SOURCE;
				MTL_FAST_MATH = YES;
				ONLY_ACTIVE_ARCH = YES;
				SDKROOT = iphoneos;
			};
			name = Debug;
		};
		14A147CF224A8144009FD718 /* Release */ = {
			isa = XCBuildConfiguration;
			buildSettings = {
				ALWAYS_SEARCH_USER_PATHS = NO;
				CLANG_ANALYZER_NONNULL = YES;
				CLANG_ANALYZER_NUMBER_OBJECT_CONVERSION = YES_AGGRESSIVE;
				CLANG_CXX_LANGUAGE_STANDARD = "gnu++14";
				CLANG_CXX_LIBRARY = "libc++";
				CLANG_ENABLE_MODULES = YES;
				CLANG_ENABLE_OBJC_ARC = YES;
				CLANG_ENABLE_OBJC_WEAK = YES;
				CLANG_WARN_BLOCK_CAPTURE_AUTORELEASING = YES;
				CLANG_WARN_BOOL_CONVERSION = YES;
				CLANG_WARN_COMMA = YES;
				CLANG_WARN_CONSTANT_CONVERSION = YES;
				CLANG_WARN_DEPRECATED_OBJC_IMPLEMENTATIONS = YES;
				CLANG_WARN_DIRECT_OBJC_ISA_USAGE = YES_ERROR;
				CLANG_WARN_DOCUMENTATION_COMMENTS = YES;
				CLANG_WARN_EMPTY_BODY = YES;
				CLANG_WARN_ENUM_CONVERSION = YES;
				CLANG_WARN_INFINITE_RECURSION = YES;
				CLANG_WARN_INT_CONVERSION = YES;
				CLANG_WARN_NON_LITERAL_NULL_CONVERSION = YES;
				CLANG_WARN_OBJC_IMPLICIT_RETAIN_SELF = YES;
				CLANG_WARN_OBJC_LITERAL_CONVERSION = YES;
				CLANG_WARN_OBJC_ROOT_CLASS = YES_ERROR;
				CLANG_WARN_RANGE_LOOP_ANALYSIS = YES;
				CLANG_WARN_STRICT_PROTOTYPES = YES;
				CLANG_WARN_SUSPICIOUS_MOVE = YES;
				CLANG_WARN_UNGUARDED_AVAILABILITY = YES_AGGRESSIVE;
				CLANG_WARN_UNREACHABLE_CODE = YES;
				CLANG_WARN__DUPLICATE_METHOD_MATCH = YES;
				CODE_SIGN_IDENTITY = "iPhone Developer";
				COPY_PHASE_STRIP = NO;
				DEBUG_INFORMATION_FORMAT = "dwarf-with-dsym";
				ENABLE_NS_ASSERTIONS = NO;
				ENABLE_STRICT_OBJC_MSGSEND = YES;
				GCC_C_LANGUAGE_STANDARD = gnu11;
				GCC_NO_COMMON_BLOCKS = YES;
				GCC_WARN_64_TO_32_BIT_CONVERSION = YES;
				GCC_WARN_ABOUT_RETURN_TYPE = YES_ERROR;
				GCC_WARN_UNDECLARED_SELECTOR = YES;
				GCC_WARN_UNINITIALIZED_AUTOS = YES_AGGRESSIVE;
				GCC_WARN_UNUSED_FUNCTION = YES;
				GCC_WARN_UNUSED_VARIABLE = YES;
				IPHONEOS_DEPLOYMENT_TARGET = 12.1;
				MTL_ENABLE_DEBUG_INFO = NO;
				MTL_FAST_MATH = YES;
				SDKROOT = iphoneos;
				VALIDATE_PRODUCT = YES;
			};
			name = Release;
		};
		14A147D1224A8144009FD718 /* Debug */ = {
			isa = XCBuildConfiguration;
			buildSettings = {
				ASSETCATALOG_COMPILER_APPICON_NAME = AppIcon;
				CODE_SIGN_STYLE = Automatic;
				DEVELOPMENT_TEAM = 6426K9AWKV;
				INFOPLIST_FILE = SCNotification/Info.plist;
				LD_RUNPATH_SEARCH_PATHS = (
					"$(inherited)",
					"@executable_path/Frameworks",
				);
				PRODUCT_BUNDLE_IDENTIFIER = cppteam.com.SCNotification;
				PRODUCT_NAME = "$(TARGET_NAME)";
				TARGETED_DEVICE_FAMILY = "1,2";
			};
			name = Debug;
		};
		14A147D2224A8144009FD718 /* Release */ = {
			isa = XCBuildConfiguration;
			buildSettings = {
				ASSETCATALOG_COMPILER_APPICON_NAME = AppIcon;
				CODE_SIGN_STYLE = Automatic;
				DEVELOPMENT_TEAM = 6426K9AWKV;
				INFOPLIST_FILE = SCNotification/Info.plist;
				LD_RUNPATH_SEARCH_PATHS = (
					"$(inherited)",
					"@executable_path/Frameworks",
				);
				PRODUCT_BUNDLE_IDENTIFIER = cppteam.com.SCNotification;
				PRODUCT_NAME = "$(TARGET_NAME)";
				TARGETED_DEVICE_FAMILY = "1,2";
			};
			name = Release;
		};
/* End XCBuildConfiguration section */

/* Begin XCConfigurationList section */
		14A147B5224A8143009FD718 /* Build configuration list for PBXProject "SCNotification" */ = {
			isa = XCConfigurationList;
			buildConfigurations = (
				14A147CE224A8144009FD718 /* Debug */,
				14A147CF224A8144009FD718 /* Release */,
			);
			defaultConfigurationIsVisible = 0;
			defaultConfigurationName = Release;
		};
		14A147D0224A8144009FD718 /* Build configuration list for PBXNativeTarget "SCNotification" */ = {
			isa = XCConfigurationList;
			buildConfigurations = (
				14A147D1224A8144009FD718 /* Debug */,
				14A147D2224A8144009FD718 /* Release */,
			);
			defaultConfigurationIsVisible = 0;
			defaultConfigurationName = Release;
		};
/* End XCConfigurationList section */
	};
	rootObject = 14A147B2224A8143009FD718 /* Project object */;
}
